// !$*UTF8*$!
{
	archiveVersion = 1;
	classes = {
	};
	objectVersion = 50;
	objects = {

/* Begin PBXBuildFile section */
		BDCC5B0025CA70BC00F5D5EA /* main.swift in Sources */ = {isa = PBXBuildFile; fileRef = BDCC5AFF25CA70BC00F5D5EA /* main.swift */; };
		BDCC5B0825CA732800F5D5EA /* Baekjoon_1152.swift in Sources */ = {isa = PBXBuildFile; fileRef = BDCC5B0725CA732800F5D5EA /* Baekjoon_1152.swift */; };
		BDCC5B0C25CA78C400F5D5EA /* Baekjoon_1259.swift in Sources */ = {isa = PBXBuildFile; fileRef = BDCC5B0B25CA78C400F5D5EA /* Baekjoon_1259.swift */; };
		BDCC5B0F25CA85E400F5D5EA /* Baekjoon_1264.swift in Sources */ = {isa = PBXBuildFile; fileRef = BDCC5B0E25CA85E400F5D5EA /* Baekjoon_1264.swift */; };
		BDCC5B1325CA943800F5D5EA /* Baekjoon_1547.swift in Sources */ = {isa = PBXBuildFile; fileRef = BDCC5B1225CA943800F5D5EA /* Baekjoon_1547.swift */; };
/* End PBXBuildFile section */

/* Begin PBXCopyFilesBuildPhase section */
		BDCC5AFA25CA70BC00F5D5EA /* CopyFiles */ = {
			isa = PBXCopyFilesBuildPhase;
			buildActionMask = 2147483647;
			dstPath = /usr/share/man/man1/;
			dstSubfolderSpec = 0;
			files = (
			);
			runOnlyForDeploymentPostprocessing = 1;
		};
/* End PBXCopyFilesBuildPhase section */

/* Begin PBXFileReference section */
		BDCC5AFC25CA70BC00F5D5EA /* Algorithm(2021.02.03) */ = {isa = PBXFileReference; explicitFileType = "compiled.mach-o.executable"; includeInIndex = 0; path = "Algorithm(2021.02.03)"; sourceTree = BUILT_PRODUCTS_DIR; };
		BDCC5AFF25CA70BC00F5D5EA /* main.swift */ = {isa = PBXFileReference; lastKnownFileType = sourcecode.swift; path = main.swift; sourceTree = "<group>"; };
		BDCC5B0725CA732800F5D5EA /* Baekjoon_1152.swift */ = {isa = PBXFileReference; lastKnownFileType = sourcecode.swift; path = Baekjoon_1152.swift; sourceTree = "<group>"; };
		BDCC5B0B25CA78C400F5D5EA /* Baekjoon_1259.swift */ = {isa = PBXFileReference; lastKnownFileType = sourcecode.swift; path = Baekjoon_1259.swift; sourceTree = "<group>"; };
		BDCC5B0E25CA85E400F5D5EA /* Baekjoon_1264.swift */ = {isa = PBXFileReference; lastKnownFileType = sourcecode.swift; path = Baekjoon_1264.swift; sourceTree = "<group>"; };
		BDCC5B1225CA943800F5D5EA /* Baekjoon_1547.swift */ = {isa = PBXFileReference; lastKnownFileType = sourcecode.swift; path = Baekjoon_1547.swift; sourceTree = "<group>"; };
/* End PBXFileReference section */

/* Begin PBXFrameworksBuildPhase section */
		BDCC5AF925CA70BC00F5D5EA /* Frameworks */ = {
			isa = PBXFrameworksBuildPhase;
			buildActionMask = 2147483647;
			files = (
			);
			runOnlyForDeploymentPostprocessing = 0;
		};
/* End PBXFrameworksBuildPhase section */

/* Begin PBXGroup section */
		BDCC5AF325CA70BB00F5D5EA = {
			isa = PBXGroup;
			children = (
				BDCC5AFE25CA70BC00F5D5EA /* Algorithm(2021.02.03) */,
				BDCC5AFD25CA70BC00F5D5EA /* Products */,
			);
			sourceTree = "<group>";
		};
		BDCC5AFD25CA70BC00F5D5EA /* Products */ = {
			isa = PBXGroup;
			children = (
				BDCC5AFC25CA70BC00F5D5EA /* Algorithm(2021.02.03) */,
			);
			name = Products;
			sourceTree = "<group>";
		};
		BDCC5AFE25CA70BC00F5D5EA /* Algorithm(2021.02.03) */ = {
			isa = PBXGroup;
			children = (
				BDCC5AFF25CA70BC00F5D5EA /* main.swift */,
				BDCC5B0725CA732800F5D5EA /* Baekjoon_1152.swift */,
				BDCC5B0B25CA78C400F5D5EA /* Baekjoon_1259.swift */,
				BDCC5B0E25CA85E400F5D5EA /* Baekjoon_1264.swift */,
				BDCC5B1225CA943800F5D5EA /* Baekjoon_1547.swift */,
			);
			path = "Algorithm(2021.02.03)";
			sourceTree = "<group>";
		};
/* End PBXGroup section */

/* Begin PBXNativeTarget section */
		BDCC5AFB25CA70BC00F5D5EA /* Algorithm(2021.02.03) */ = {
			isa = PBXNativeTarget;
			buildConfigurationList = BDCC5B0325CA70BC00F5D5EA /* Build configuration list for PBXNativeTarget "Algorithm(2021.02.03)" */;
			buildPhases = (
				BDCC5AF825CA70BC00F5D5EA /* Sources */,
				BDCC5AF925CA70BC00F5D5EA /* Frameworks */,
				BDCC5AFA25CA70BC00F5D5EA /* CopyFiles */,
			);
			buildRules = (
			);
			dependencies = (
			);
			name = "Algorithm(2021.02.03)";
			productName = "Algorithm(2021.02.03)";
			productReference = BDCC5AFC25CA70BC00F5D5EA /* Algorithm(2021.02.03) */;
			productType = "com.apple.product-type.tool";
		};
/* End PBXNativeTarget section */

/* Begin PBXProject section */
		BDCC5AF425CA70BB00F5D5EA /* Project object */ = {
			isa = PBXProject;
			attributes = {
				LastSwiftUpdateCheck = 1240;
				LastUpgradeCheck = 1240;
				TargetAttributes = {
					BDCC5AFB25CA70BC00F5D5EA = {
						CreatedOnToolsVersion = 12.4;
					};
				};
			};
			buildConfigurationList = BDCC5AF725CA70BB00F5D5EA /* Build configuration list for PBXProject "Algorithm(2021.02.03)" */;
			compatibilityVersion = "Xcode 9.3";
			developmentRegion = en;
			hasScannedForEncodings = 0;
			knownRegions = (
				en,
				Base,
			);
			mainGroup = BDCC5AF325CA70BB00F5D5EA;
			productRefGroup = BDCC5AFD25CA70BC00F5D5EA /* Products */;
			projectDirPath = "";
			projectRoot = "";
			targets = (
				BDCC5AFB25CA70BC00F5D5EA /* Algorithm(2021.02.03) */,
			);
		};
/* End PBXProject section */

/* Begin PBXSourcesBuildPhase section */
		BDCC5AF825CA70BC00F5D5EA /* Sources */ = {
			isa = PBXSourcesBuildPhase;
			buildActionMask = 2147483647;
			files = (
				BDCC5B0F25CA85E400F5D5EA /* Baekjoon_1264.swift in Sources */,
				BDCC5B0C25CA78C400F5D5EA /* Baekjoon_1259.swift in Sources */,
				BDCC5B0825CA732800F5D5EA /* Baekjoon_1152.swift in Sources */,
				BDCC5B1325CA943800F5D5EA /* Baekjoon_1547.swift in Sources */,
				BDCC5B0025CA70BC00F5D5EA /* main.swift in Sources */,
			);
			runOnlyForDeploymentPostprocessing = 0;
		};
/* End PBXSourcesBuildPhase section */

/* Begin XCBuildConfiguration section */
		BDCC5B0125CA70BC00F5D5EA /* Debug */ = {
			isa = XCBuildConfiguration;
			buildSettings = {
				ALWAYS_SEARCH_USER_PATHS = NO;
				CLANG_ANALYZER_NONNULL = YES;
				CLANG_ANALYZER_NUMBER_OBJECT_CONVERSION = YES_AGGRESSIVE;
				CLANG_CXX_LANGUAGE_STANDARD = "gnu++14";
				CLANG_CXX_LIBRARY = "libc++";
				CLANG_ENABLE_MODULES = YES;
				CLANG_ENABLE_OBJC_ARC = YES;
				CLANG_ENABLE_OBJC_WEAK = YES;
				CLANG_WARN_BLOCK_CAPTURE_AUTORELEASING = YES;
				CLANG_WARN_BOOL_CONVERSION = YES;
				CLANG_WARN_COMMA = YES;
				CLANG_WARN_CONSTANT_CONVERSION = YES;
				CLANG_WARN_DEPRECATED_OBJC_IMPLEMENTATIONS = YES;
				CLANG_WARN_DIRECT_OBJC_ISA_USAGE = YES_ERROR;
				CLANG_WARN_DOCUMENTATION_COMMENTS = YES;
				CLANG_WARN_EMPTY_BODY = YES;
				CLANG_WARN_ENUM_CONVERSION = YES;
				CLANG_WARN_INFINITE_RECURSION = YES;
				CLANG_WARN_INT_CONVERSION = YES;
				CLANG_WARN_NON_LITERAL_NULL_CONVERSION = YES;
				CLANG_WARN_OBJC_IMPLICIT_RETAIN_SELF = YES;
				CLANG_WARN_OBJC_LITERAL_CONVERSION = YES;
				CLANG_WARN_OBJC_ROOT_CLASS = YES_ERROR;
				CLANG_WARN_QUOTED_INCLUDE_IN_FRAMEWORK_HEADER = YES;
				CLANG_WARN_RANGE_LOOP_ANALYSIS = YES;
				CLANG_WARN_STRICT_PROTOTYPES = YES;
				CLANG_WARN_SUSPICIOUS_MOVE = YES;
				CLANG_WARN_UNGUARDED_AVAILABILITY = YES_AGGRESSIVE;
				CLANG_WARN_UNREACHABLE_CODE = YES;
				CLANG_WARN__DUPLICATE_METHOD_MATCH = YES;
				COPY_PHASE_STRIP = NO;
				DEBUG_INFORMATION_FORMAT = dwarf;
				ENABLE_STRICT_OBJC_MSGSEND = YES;
				ENABLE_TESTABILITY = YES;
				GCC_C_LANGUAGE_STANDARD = gnu11;
				GCC_DYNAMIC_NO_PIC = NO;
				GCC_NO_COMMON_BLOCKS = YES;
				GCC_OPTIMIZATION_LEVEL = 0;
				GCC_PREPROCESSOR_DEFINITIONS = (
					"DEBUG=1",
					"$(inherited)",
				);
				GCC_WARN_64_TO_32_BIT_CONVERSION = YES;
				GCC_WARN_ABOUT_RETURN_TYPE = YES_ERROR;
				GCC_WARN_UNDECLARED_SELECTOR = YES;
				GCC_WARN_UNINITIALIZED_AUTOS = YES_AGGRESSIVE;
				GCC_WARN_UNUSED_FUNCTION = YES;
				GCC_WARN_UNUSED_VARIABLE = YES;
				MACOSX_DEPLOYMENT_TARGET = 11.1;
				MTL_ENABLE_DEBUG_INFO = INCLUDE_SOURCE;
				MTL_FAST_MATH = YES;
				ONLY_ACTIVE_ARCH = YES;
				SDKROOT = macosx;
				SWIFT_ACTIVE_COMPILATION_CONDITIONS = DEBUG;
				SWIFT_OPTIMIZATION_LEVEL = "-Onone";
			};
			name = Debug;
		};
		BDCC5B0225CA70BC00F5D5EA /* Release */ = {
			isa = XCBuildConfiguration;
			buildSettings = {
				ALWAYS_SEARCH_USER_PATHS = NO;
				CLANG_ANALYZER_NONNULL = YES;
				CLANG_ANALYZER_NUMBER_OBJECT_CONVERSION = YES_AGGRESSIVE;
				CLANG_CXX_LANGUAGE_STANDARD = "gnu++14";
				CLANG_CXX_LIBRARY = "libc++";
				CLANG_ENABLE_MODULES = YES;
				CLANG_ENABLE_OBJC_ARC = YES;
				CLANG_ENABLE_OBJC_WEAK = YES;
				CLANG_WARN_BLOCK_CAPTURE_AUTORELEASING = YES;
				CLANG_WARN_BOOL_CONVERSION = YES;
				CLANG_WARN_COMMA = YES;
				CLANG_WARN_CONSTANT_CONVERSION = YES;
				CLANG_WARN_DEPRECATED_OBJC_IMPLEMENTATIONS = YES;
				CLANG_WARN_DIRECT_OBJC_ISA_USAGE = YES_ERROR;
				CLANG_WARN_DOCUMENTATION_COMMENTS = YES;
				CLANG_WARN_EMPTY_BODY = YES;
				CLANG_WARN_ENUM_CONVERSION = YES;
				CLANG_WARN_INFINITE_RECURSION = YES;
				CLANG_WARN_INT_CONVERSION = YES;
				CLANG_WARN_NON_LITERAL_NULL_CONVERSION = YES;
				CLANG_WARN_OBJC_IMPLICIT_RETAIN_SELF = YES;
				CLANG_WARN_OBJC_LITERAL_CONVERSION = YES;
				CLANG_WARN_OBJC_ROOT_CLASS = YES_ERROR;
				CLANG_WARN_QUOTED_INCLUDE_IN_FRAMEWORK_HEADER = YES;
				CLANG_WARN_RANGE_LOOP_ANALYSIS = YES;
				CLANG_WARN_STRICT_PROTOTYPES = YES;
				CLANG_WARN_SUSPICIOUS_MOVE = YES;
				CLANG_WARN_UNGUARDED_AVAILABILITY = YES_AGGRESSIVE;
				CLANG_WARN_UNREACHABLE_CODE = YES;
				CLANG_WARN__DUPLICATE_METHOD_MATCH = YES;
				COPY_PHASE_STRIP = NO;
				DEBUG_INFORMATION_FORMAT = "dwarf-with-dsym";
				ENABLE_NS_ASSERTIONS = NO;
				ENABLE_STRICT_OBJC_MSGSEND = YES;
				GCC_C_LANGUAGE_STANDARD = gnu11;
				GCC_NO_COMMON_BLOCKS = YES;
				GCC_WARN_64_TO_32_BIT_CONVERSION = YES;
				GCC_WARN_ABOUT_RETURN_TYPE = YES_ERROR;
				GCC_WARN_UNDECLARED_SELECTOR = YES;
				GCC_WARN_UNINITIALIZED_AUTOS = YES_AGGRESSIVE;
				GCC_WARN_UNUSED_FUNCTION = YES;
				GCC_WARN_UNUSED_VARIABLE = YES;
				MACOSX_DEPLOYMENT_TARGET = 11.1;
				MTL_ENABLE_DEBUG_INFO = NO;
				MTL_FAST_MATH = YES;
				SDKROOT = macosx;
				SWIFT_COMPILATION_MODE = wholemodule;
				SWIFT_OPTIMIZATION_LEVEL = "-O";
			};
			name = Release;
		};
		BDCC5B0425CA70BC00F5D5EA /* Debug */ = {
			isa = XCBuildConfiguration;
			buildSettings = {
				CODE_SIGN_STYLE = Automatic;
				DEVELOPMENT_TEAM = 8KRV7X8GQ6;
				ENABLE_HARDENED_RUNTIME = YES;
				PRODUCT_NAME = "$(TARGET_NAME)";
				SWIFT_VERSION = 5.0;
			};
			name = Debug;
		};
		BDCC5B0525CA70BC00F5D5EA /* Release */ = {
			isa = XCBuildConfiguration;
			buildSettings = {
				CODE_SIGN_STYLE = Automatic;
				DEVELOPMENT_TEAM = 8KRV7X8GQ6;
				ENABLE_HARDENED_RUNTIME = YES;
				PRODUCT_NAME = "$(TARGET_NAME)";
				SWIFT_VERSION = 5.0;
			};
			name = Release;
		};
/* End XCBuildConfiguration section */

/* Begin XCConfigurationList section */
		BDCC5AF725CA70BB00F5D5EA /* Build configuration list for PBXProject "Algorithm(2021.02.03)" */ = {
			isa = XCConfigurationList;
			buildConfigurations = (
				BDCC5B0125CA70BC00F5D5EA /* Debug */,
				BDCC5B0225CA70BC00F5D5EA /* Release */,
			);
			defaultConfigurationIsVisible = 0;
			defaultConfigurationName = Release;
		};
		BDCC5B0325CA70BC00F5D5EA /* Build configuration list for PBXNativeTarget "Algorithm(2021.02.03)" */ = {
			isa = XCConfigurationList;
			buildConfigurations = (
				BDCC5B0425CA70BC00F5D5EA /* Debug */,
				BDCC5B0525CA70BC00F5D5EA /* Release */,
			);
			defaultConfigurationIsVisible = 0;
			defaultConfigurationName = Release;
		};
/* End XCConfigurationList section */
	};
	rootObject = BDCC5AF425CA70BB00F5D5EA /* Project object */;
}
