// !$*UTF8*$!
{
	archiveVersion = 1;
	classes = {
	};
	objectVersion = 50;
	objects = {

/* Begin PBXBuildFile section */
		BD6F27482554E1A2008E8477 /* main.swift in Sources */ = {isa = PBXBuildFile; fileRef = BD6F27472554E1A2008E8477 /* main.swift */; };
		BD6F27502554E1B4008E8477 /* p1000.swift in Sources */ = {isa = PBXBuildFile; fileRef = BD6F274F2554E1B4008E8477 /* p1000.swift */; };
		BD6F27532554E1C4008E8477 /* p1008.swift in Sources */ = {isa = PBXBuildFile; fileRef = BD6F27522554E1C4008E8477 /* p1008.swift */; };
		BD6F27562554E1CE008E8477 /* p2438.swift in Sources */ = {isa = PBXBuildFile; fileRef = BD6F27552554E1CE008E8477 /* p2438.swift */; };
		BD6F27592554E1D8008E8477 /* p2920.swift in Sources */ = {isa = PBXBuildFile; fileRef = BD6F27582554E1D8008E8477 /* p2920.swift */; };
		BD6F275C2554E1E9008E8477 /* p8958.swift in Sources */ = {isa = PBXBuildFile; fileRef = BD6F275B2554E1E9008E8477 /* p8958.swift */; };
		BD6F275F2554E1F6008E8477 /* p11654.swift in Sources */ = {isa = PBXBuildFile; fileRef = BD6F275E2554E1F6008E8477 /* p11654.swift */; };
/* End PBXBuildFile section */

/* Begin PBXCopyFilesBuildPhase section */
		BD6F27422554E1A2008E8477 /* CopyFiles */ = {
			isa = PBXCopyFilesBuildPhase;
			buildActionMask = 2147483647;
			dstPath = /usr/share/man/man1/;
			dstSubfolderSpec = 0;
			files = (
			);
			runOnlyForDeploymentPostprocessing = 1;
		};
/* End PBXCopyFilesBuildPhase section */

/* Begin PBXFileReference section */
		BD6F27442554E1A2008E8477 /* Friday-algorithm(20.11.06) */ = {isa = PBXFileReference; explicitFileType = "compiled.mach-o.executable"; includeInIndex = 0; path = "Friday-algorithm(20.11.06)"; sourceTree = BUILT_PRODUCTS_DIR; };
		BD6F27472554E1A2008E8477 /* main.swift */ = {isa = PBXFileReference; lastKnownFileType = sourcecode.swift; path = main.swift; sourceTree = "<group>"; };
		BD6F274F2554E1B4008E8477 /* p1000.swift */ = {isa = PBXFileReference; lastKnownFileType = sourcecode.swift; path = p1000.swift; sourceTree = "<group>"; };
		BD6F27522554E1C4008E8477 /* p1008.swift */ = {isa = PBXFileReference; lastKnownFileType = sourcecode.swift; path = p1008.swift; sourceTree = "<group>"; };
		BD6F27552554E1CE008E8477 /* p2438.swift */ = {isa = PBXFileReference; lastKnownFileType = sourcecode.swift; path = p2438.swift; sourceTree = "<group>"; };
		BD6F27582554E1D8008E8477 /* p2920.swift */ = {isa = PBXFileReference; lastKnownFileType = sourcecode.swift; path = p2920.swift; sourceTree = "<group>"; };
		BD6F275B2554E1E9008E8477 /* p8958.swift */ = {isa = PBXFileReference; lastKnownFileType = sourcecode.swift; path = p8958.swift; sourceTree = "<group>"; };
		BD6F275E2554E1F6008E8477 /* p11654.swift */ = {isa = PBXFileReference; lastKnownFileType = sourcecode.swift; path = p11654.swift; sourceTree = "<group>"; };
/* End PBXFileReference section */

/* Begin PBXFrameworksBuildPhase section */
		BD6F27412554E1A2008E8477 /* Frameworks */ = {
			isa = PBXFrameworksBuildPhase;
			buildActionMask = 2147483647;
			files = (
			);
			runOnlyForDeploymentPostprocessing = 0;
		};
/* End PBXFrameworksBuildPhase section */

/* Begin PBXGroup section */
		BD6F273B2554E1A2008E8477 = {
			isa = PBXGroup;
			children = (
				BD6F27462554E1A2008E8477 /* Friday-algorithm(20.11.06) */,
				BD6F27452554E1A2008E8477 /* Products */,
			);
			sourceTree = "<group>";
		};
		BD6F27452554E1A2008E8477 /* Products */ = {
			isa = PBXGroup;
			children = (
				BD6F27442554E1A2008E8477 /* Friday-algorithm(20.11.06) */,
			);
			name = Products;
			sourceTree = "<group>";
		};
		BD6F27462554E1A2008E8477 /* Friday-algorithm(20.11.06) */ = {
			isa = PBXGroup;
			children = (
				BD6F27472554E1A2008E8477 /* main.swift */,
				BD6F274F2554E1B4008E8477 /* p1000.swift */,
				BD6F27522554E1C4008E8477 /* p1008.swift */,
				BD6F27552554E1CE008E8477 /* p2438.swift */,
				BD6F27582554E1D8008E8477 /* p2920.swift */,
				BD6F275B2554E1E9008E8477 /* p8958.swift */,
				BD6F275E2554E1F6008E8477 /* p11654.swift */,
			);
			path = "Friday-algorithm(20.11.06)";
			sourceTree = "<group>";
		};
/* End PBXGroup section */

/* Begin PBXNativeTarget section */
		BD6F27432554E1A2008E8477 /* Friday-algorithm(20.11.06) */ = {
			isa = PBXNativeTarget;
			buildConfigurationList = BD6F274B2554E1A2008E8477 /* Build configuration list for PBXNativeTarget "Friday-algorithm(20.11.06)" */;
			buildPhases = (
				BD6F27402554E1A2008E8477 /* Sources */,
				BD6F27412554E1A2008E8477 /* Frameworks */,
				BD6F27422554E1A2008E8477 /* CopyFiles */,
			);
			buildRules = (
			);
			dependencies = (
			);
			name = "Friday-algorithm(20.11.06)";
			productName = "Friday-algorithm(20.11.06)";
			productReference = BD6F27442554E1A2008E8477 /* Friday-algorithm(20.11.06) */;
			productType = "com.apple.product-type.tool";
		};
/* End PBXNativeTarget section */

/* Begin PBXProject section */
		BD6F273C2554E1A2008E8477 /* Project object */ = {
			isa = PBXProject;
			attributes = {
				LastSwiftUpdateCheck = 1210;
				LastUpgradeCheck = 1210;
				TargetAttributes = {
					BD6F27432554E1A2008E8477 = {
						CreatedOnToolsVersion = 12.1;
					};
				};
			};
			buildConfigurationList = BD6F273F2554E1A2008E8477 /* Build configuration list for PBXProject "Friday-algorithm(20.11.06)" */;
			compatibilityVersion = "Xcode 9.3";
			developmentRegion = en;
			hasScannedForEncodings = 0;
			knownRegions = (
				en,
				Base,
			);
			mainGroup = BD6F273B2554E1A2008E8477;
			productRefGroup = BD6F27452554E1A2008E8477 /* Products */;
			projectDirPath = "";
			projectRoot = "";
			targets = (
				BD6F27432554E1A2008E8477 /* Friday-algorithm(20.11.06) */,
			);
		};
/* End PBXProject section */

/* Begin PBXSourcesBuildPhase section */
		BD6F27402554E1A2008E8477 /* Sources */ = {
			isa = PBXSourcesBuildPhase;
			buildActionMask = 2147483647;
			files = (
				BD6F275C2554E1E9008E8477 /* p8958.swift in Sources */,
				BD6F27482554E1A2008E8477 /* main.swift in Sources */,
				BD6F27532554E1C4008E8477 /* p1008.swift in Sources */,
				BD6F27502554E1B4008E8477 /* p1000.swift in Sources */,
				BD6F27562554E1CE008E8477 /* p2438.swift in Sources */,
				BD6F275F2554E1F6008E8477 /* p11654.swift in Sources */,
				BD6F27592554E1D8008E8477 /* p2920.swift in Sources */,
			);
			runOnlyForDeploymentPostprocessing = 0;
		};
/* End PBXSourcesBuildPhase section */

/* Begin XCBuildConfiguration section */
		BD6F27492554E1A2008E8477 /* Debug */ = {
			isa = XCBuildConfiguration;
			buildSettings = {
				ALWAYS_SEARCH_USER_PATHS = NO;
				CLANG_ANALYZER_NONNULL = YES;
				CLANG_ANALYZER_NUMBER_OBJECT_CONVERSION = YES_AGGRESSIVE;
				CLANG_CXX_LANGUAGE_STANDARD = "gnu++14";
				CLANG_CXX_LIBRARY = "libc++";
				CLANG_ENABLE_MODULES = YES;
				CLANG_ENABLE_OBJC_ARC = YES;
				CLANG_ENABLE_OBJC_WEAK = YES;
				CLANG_WARN_BLOCK_CAPTURE_AUTORELEASING = YES;
				CLANG_WARN_BOOL_CONVERSION = YES;
				CLANG_WARN_COMMA = YES;
				CLANG_WARN_CONSTANT_CONVERSION = YES;
				CLANG_WARN_DEPRECATED_OBJC_IMPLEMENTATIONS = YES;
				CLANG_WARN_DIRECT_OBJC_ISA_USAGE = YES_ERROR;
				CLANG_WARN_DOCUMENTATION_COMMENTS = YES;
				CLANG_WARN_EMPTY_BODY = YES;
				CLANG_WARN_ENUM_CONVERSION = YES;
				CLANG_WARN_INFINITE_RECURSION = YES;
				CLANG_WARN_INT_CONVERSION = YES;
				CLANG_WARN_NON_LITERAL_NULL_CONVERSION = YES;
				CLANG_WARN_OBJC_IMPLICIT_RETAIN_SELF = YES;
				CLANG_WARN_OBJC_LITERAL_CONVERSION = YES;
				CLANG_WARN_OBJC_ROOT_CLASS = YES_ERROR;
				CLANG_WARN_QUOTED_INCLUDE_IN_FRAMEWORK_HEADER = YES;
				CLANG_WARN_RANGE_LOOP_ANALYSIS = YES;
				CLANG_WARN_STRICT_PROTOTYPES = YES;
				CLANG_WARN_SUSPICIOUS_MOVE = YES;
				CLANG_WARN_UNGUARDED_AVAILABILITY = YES_AGGRESSIVE;
				CLANG_WARN_UNREACHABLE_CODE = YES;
				CLANG_WARN__DUPLICATE_METHOD_MATCH = YES;
				COPY_PHASE_STRIP = NO;
				DEBUG_INFORMATION_FORMAT = dwarf;
				ENABLE_STRICT_OBJC_MSGSEND = YES;
				ENABLE_TESTABILITY = YES;
				GCC_C_LANGUAGE_STANDARD = gnu11;
				GCC_DYNAMIC_NO_PIC = NO;
				GCC_NO_COMMON_BLOCKS = YES;
				GCC_OPTIMIZATION_LEVEL = 0;
				GCC_PREPROCESSOR_DEFINITIONS = (
					"DEBUG=1",
					"$(inherited)",
				);
				GCC_WARN_64_TO_32_BIT_CONVERSION = YES;
				GCC_WARN_ABOUT_RETURN_TYPE = YES_ERROR;
				GCC_WARN_UNDECLARED_SELECTOR = YES;
				GCC_WARN_UNINITIALIZED_AUTOS = YES_AGGRESSIVE;
				GCC_WARN_UNUSED_FUNCTION = YES;
				GCC_WARN_UNUSED_VARIABLE = YES;
				MACOSX_DEPLOYMENT_TARGET = 10.15;
				MTL_ENABLE_DEBUG_INFO = INCLUDE_SOURCE;
				MTL_FAST_MATH = YES;
				ONLY_ACTIVE_ARCH = YES;
				SDKROOT = macosx;
				SWIFT_ACTIVE_COMPILATION_CONDITIONS = DEBUG;
				SWIFT_OPTIMIZATION_LEVEL = "-Onone";
			};
			name = Debug;
		};
		BD6F274A2554E1A2008E8477 /* Release */ = {
			isa = XCBuildConfiguration;
			buildSettings = {
				ALWAYS_SEARCH_USER_PATHS = NO;
				CLANG_ANALYZER_NONNULL = YES;
				CLANG_ANALYZER_NUMBER_OBJECT_CONVERSION = YES_AGGRESSIVE;
				CLANG_CXX_LANGUAGE_STANDARD = "gnu++14";
				CLANG_CXX_LIBRARY = "libc++";
				CLANG_ENABLE_MODULES = YES;
				CLANG_ENABLE_OBJC_ARC = YES;
				CLANG_ENABLE_OBJC_WEAK = YES;
				CLANG_WARN_BLOCK_CAPTURE_AUTORELEASING = YES;
				CLANG_WARN_BOOL_CONVERSION = YES;
				CLANG_WARN_COMMA = YES;
				CLANG_WARN_CONSTANT_CONVERSION = YES;
				CLANG_WARN_DEPRECATED_OBJC_IMPLEMENTATIONS = YES;
				CLANG_WARN_DIRECT_OBJC_ISA_USAGE = YES_ERROR;
				CLANG_WARN_DOCUMENTATION_COMMENTS = YES;
				CLANG_WARN_EMPTY_BODY = YES;
				CLANG_WARN_ENUM_CONVERSION = YES;
				CLANG_WARN_INFINITE_RECURSION = YES;
				CLANG_WARN_INT_CONVERSION = YES;
				CLANG_WARN_NON_LITERAL_NULL_CONVERSION = YES;
				CLANG_WARN_OBJC_IMPLICIT_RETAIN_SELF = YES;
				CLANG_WARN_OBJC_LITERAL_CONVERSION = YES;
				CLANG_WARN_OBJC_ROOT_CLASS = YES_ERROR;
				CLANG_WARN_QUOTED_INCLUDE_IN_FRAMEWORK_HEADER = YES;
				CLANG_WARN_RANGE_LOOP_ANALYSIS = YES;
				CLANG_WARN_STRICT_PROTOTYPES = YES;
				CLANG_WARN_SUSPICIOUS_MOVE = YES;
				CLANG_WARN_UNGUARDED_AVAILABILITY = YES_AGGRESSIVE;
				CLANG_WARN_UNREACHABLE_CODE = YES;
				CLANG_WARN__DUPLICATE_METHOD_MATCH = YES;
				COPY_PHASE_STRIP = NO;
				DEBUG_INFORMATION_FORMAT = "dwarf-with-dsym";
				ENABLE_NS_ASSERTIONS = NO;
				ENABLE_STRICT_OBJC_MSGSEND = YES;
				GCC_C_LANGUAGE_STANDARD = gnu11;
				GCC_NO_COMMON_BLOCKS = YES;
				GCC_WARN_64_TO_32_BIT_CONVERSION = YES;
				GCC_WARN_ABOUT_RETURN_TYPE = YES_ERROR;
				GCC_WARN_UNDECLARED_SELECTOR = YES;
				GCC_WARN_UNINITIALIZED_AUTOS = YES_AGGRESSIVE;
				GCC_WARN_UNUSED_FUNCTION = YES;
				GCC_WARN_UNUSED_VARIABLE = YES;
				MACOSX_DEPLOYMENT_TARGET = 10.15;
				MTL_ENABLE_DEBUG_INFO = NO;
				MTL_FAST_MATH = YES;
				SDKROOT = macosx;
				SWIFT_COMPILATION_MODE = wholemodule;
				SWIFT_OPTIMIZATION_LEVEL = "-O";
			};
			name = Release;
		};
		BD6F274C2554E1A2008E8477 /* Debug */ = {
			isa = XCBuildConfiguration;
			buildSettings = {
				CODE_SIGN_STYLE = Automatic;
				DEVELOPMENT_TEAM = 8KRV7X8GQ6;
				ENABLE_HARDENED_RUNTIME = YES;
				PRODUCT_NAME = "$(TARGET_NAME)";
				SWIFT_VERSION = 5.0;
			};
			name = Debug;
		};
		BD6F274D2554E1A2008E8477 /* Release */ = {
			isa = XCBuildConfiguration;
			buildSettings = {
				CODE_SIGN_STYLE = Automatic;
				DEVELOPMENT_TEAM = 8KRV7X8GQ6;
				ENABLE_HARDENED_RUNTIME = YES;
				PRODUCT_NAME = "$(TARGET_NAME)";
				SWIFT_VERSION = 5.0;
			};
			name = Release;
		};
/* End XCBuildConfiguration section */

/* Begin XCConfigurationList section */
		BD6F273F2554E1A2008E8477 /* Build configuration list for PBXProject "Friday-algorithm(20.11.06)" */ = {
			isa = XCConfigurationList;
			buildConfigurations = (
				BD6F27492554E1A2008E8477 /* Debug */,
				BD6F274A2554E1A2008E8477 /* Release */,
			);
			defaultConfigurationIsVisible = 0;
			defaultConfigurationName = Release;
		};
		BD6F274B2554E1A2008E8477 /* Build configuration list for PBXNativeTarget "Friday-algorithm(20.11.06)" */ = {
			isa = XCConfigurationList;
			buildConfigurations = (
				BD6F274C2554E1A2008E8477 /* Debug */,
				BD6F274D2554E1A2008E8477 /* Release */,
			);
			defaultConfigurationIsVisible = 0;
			defaultConfigurationName = Release;
		};
/* End XCConfigurationList section */
	};
	rootObject = BD6F273C2554E1A2008E8477 /* Project object */;
}
